
Microsoft Visual Studio Solution File, Format Version 12.00
# Visual Studio 14
VisualStudioVersion = 14.0.25420.1
MinimumVisualStudioVersion = 10.0.40219.1
Project("{FAE04EC0-301F-11D3-BF4B-00C04F79EFBC}") = "TranQuangHuy_Lab456", "TranQuangHuy_Lab456\TranQuangHuy_Lab456.csproj", "{C3F8D2B2-F596-459C-8BCF-C1156D0C94F6}"
EndProject
Global
	GlobalSection(SolutionConfigurationPlatforms) = preSolution
		Debug|Any CPU = Debug|Any CPU
		Release|Any CPU = Release|Any CPU
	EndGlobalSection
	GlobalSection(ProjectConfigurationPlatforms) = postSolution
		{C3F8D2B2-F596-459C-8BCF-C1156D0C94F6}.Debug|Any CPU.ActiveCfg = Debug|Any CPU
		{C3F8D2B2-F596-459C-8BCF-C1156D0C94F6}.Debug|Any CPU.Build.0 = Debug|Any CPU
		{C3F8D2B2-F596-459C-8BCF-C1156D0C94F6}.Release|Any CPU.ActiveCfg = Release|Any CPU
		{C3F8D2B2-F596-459C-8BCF-C1156D0C94F6}.Release|Any CPU.Build.0 = Release|Any CPU
	EndGlobalSection
	GlobalSection(SolutionProperties) = preSolution
		HideSolutionNode = FALSE
	EndGlobalSection
EndGlobal
